
Microsoft Visual Studio Solution File, Format Version 12.00
# Visual Studio Version 17
VisualStudioVersion = 17.12.35521.163 d17.12
MinimumVisualStudioVersion = 10.0.40219.1
Project("{FAE04EC0-301F-11D3-BF4B-00C04F79EFBC}") = "Week6StringsAndArrays", "Week6StringsAndArrays\Week6StringsAndArrays.csproj", "{8446544A-4B85-408A-A88A-21CC65BCA1C9}"
EndProject
Project("{FAE04EC0-301F-11D3-BF4B-00C04F79EFBC}") = "Arrays", "Arrays\Arrays.csproj", "{C079966E-595D-461D-98AF-FF530935CB50}"
EndProject
Project("{FAE04EC0-301F-11D3-BF4B-00C04F79EFBC}") = "NumberArrays", "NumberArrays\NumberArrays.csproj", "{48C8EAB3-50C8-470A-BCF6-630920912394}"
EndProject
Project("{FAE04EC0-301F-11D3-BF4B-00C04F79EFBC}") = "RandomElement", "RandomElement\RandomElement.csproj", "{17DE38C5-7D47-4360-AF3D-A6CDC1E4FD9E}"
EndProject
Global
	GlobalSection(SolutionConfigurationPlatforms) = preSolution
		Debug|Any CPU = Debug|Any CPU
		Release|Any CPU = Release|Any CPU
	EndGlobalSection
	GlobalSection(ProjectConfigurationPlatforms) = postSolution
		{8446544A-4B85-408A-A88A-21CC65BCA1C9}.Debug|Any CPU.ActiveCfg = Debug|Any CPU
		{8446544A-4B85-408A-A88A-21CC65BCA1C9}.Debug|Any CPU.Build.0 = Debug|Any CPU
		{8446544A-4B85-408A-A88A-21CC65BCA1C9}.Release|Any CPU.ActiveCfg = Release|Any CPU
		{8446544A-4B85-408A-A88A-21CC65BCA1C9}.Release|Any CPU.Build.0 = Release|Any CPU
		{C079966E-595D-461D-98AF-FF530935CB50}.Debug|Any CPU.ActiveCfg = Debug|Any CPU
		{C079966E-595D-461D-98AF-FF530935CB50}.Debug|Any CPU.Build.0 = Debug|Any CPU
		{C079966E-595D-461D-98AF-FF530935CB50}.Release|Any CPU.ActiveCfg = Release|Any CPU
		{C079966E-595D-461D-98AF-FF530935CB50}.Release|Any CPU.Build.0 = Release|Any CPU
		{48C8EAB3-50C8-470A-BCF6-630920912394}.Debug|Any CPU.ActiveCfg = Debug|Any CPU
		{48C8EAB3-50C8-470A-BCF6-630920912394}.Debug|Any CPU.Build.0 = Debug|Any CPU
		{48C8EAB3-50C8-470A-BCF6-630920912394}.Release|Any CPU.ActiveCfg = Release|Any CPU
		{48C8EAB3-50C8-470A-BCF6-630920912394}.Release|Any CPU.Build.0 = Release|Any CPU
		{17DE38C5-7D47-4360-AF3D-A6CDC1E4FD9E}.Debug|Any CPU.ActiveCfg = Debug|Any CPU
		{17DE38C5-7D47-4360-AF3D-A6CDC1E4FD9E}.Debug|Any CPU.Build.0 = Debug|Any CPU
		{17DE38C5-7D47-4360-AF3D-A6CDC1E4FD9E}.Release|Any CPU.ActiveCfg = Release|Any CPU
		{17DE38C5-7D47-4360-AF3D-A6CDC1E4FD9E}.Release|Any CPU.Build.0 = Release|Any CPU
	EndGlobalSection
	GlobalSection(SolutionProperties) = preSolution
		HideSolutionNode = FALSE
	EndGlobalSection
EndGlobal
